
Microsoft Visual Studio Solution File, Format Version 12.00
# Visual Studio Version 17
VisualStudioVersion = 17.2.32630.192
MinimumVisualStudioVersion = 10.0.40219.1
Project("{FAE04EC0-301F-11D3-BF4B-00C04F79EFBC}") = "TextBlockSample", "TextBlockSample\TextBlockSample.csproj", "{6BF7AF90-15D4-412A-BE2B-113069181C77}"
EndProject
Global
	GlobalSection(SolutionConfigurationPlatforms) = preSolution
		Debug|Any CPU = Debug|Any CPU
		Release|Any CPU = Release|Any CPU
	EndGlobalSection
	GlobalSection(ProjectConfigurationPlatforms) = postSolution
		{6BF7AF90-15D4-412A-BE2B-113069181C77}.Debug|Any CPU.ActiveCfg = Debug|Any CPU
		{6BF7AF90-15D4-412A-BE2B-113069181C77}.Debug|Any CPU.Build.0 = Debug|Any CPU
		{6BF7AF90-15D4-412A-BE2B-113069181C77}.Release|Any CPU.ActiveCfg = Release|Any CPU
		{6BF7AF90-15D4-412A-BE2B-113069181C77}.Release|Any CPU.Build.0 = Release|Any CPU
	EndGlobalSection
	GlobalSection(SolutionProperties) = preSolution
		HideSolutionNode = FALSE
	EndGlobalSection
	GlobalSection(ExtensibilityGlobals) = postSolution
		SolutionGuid = {8094AEA5-5CBD-4486-A7EE-A6D2FD6BC13C}
	EndGlobalSection
EndGlobal
