
Microsoft Visual Studio Solution File, Format Version 12.00
# Visual Studio Version 17
VisualStudioVersion = 17.2.32630.192
MinimumVisualStudioVersion = 10.0.40219.1
Project("{FAE04EC0-301F-11D3-BF4B-00C04F79EFBC}") = "ExtendedResourceSample", "ExtendedResourceSample\ExtendedResourceSample.csproj", "{1D9795BB-C044-4839-91BA-EF157E86E6A6}"
EndProject
Global
	GlobalSection(SolutionConfigurationPlatforms) = preSolution
		Debug|Any CPU = Debug|Any CPU
		Release|Any CPU = Release|Any CPU
	EndGlobalSection
	GlobalSection(ProjectConfigurationPlatforms) = postSolution
		{1D9795BB-C044-4839-91BA-EF157E86E6A6}.Debug|Any CPU.ActiveCfg = Debug|Any CPU
		{1D9795BB-C044-4839-91BA-EF157E86E6A6}.Debug|Any CPU.Build.0 = Debug|Any CPU
		{1D9795BB-C044-4839-91BA-EF157E86E6A6}.Release|Any CPU.ActiveCfg = Release|Any CPU
		{1D9795BB-C044-4839-91BA-EF157E86E6A6}.Release|Any CPU.Build.0 = Release|Any CPU
	EndGlobalSection
	GlobalSection(SolutionProperties) = preSolution
		HideSolutionNode = FALSE
	EndGlobalSection
	GlobalSection(ExtensibilityGlobals) = postSolution
		SolutionGuid = {614A2D1B-811A-4F68-8EFD-E8B56B2C5F66}
	EndGlobalSection
EndGlobal
