
Microsoft Visual Studio Solution File, Format Version 12.00
# Visual Studio Version 17
VisualStudioVersion = 17.2.32630.192
MinimumVisualStudioVersion = 10.0.40219.1
Project("{FAE04EC0-301F-11D3-BF4B-00C04F79EFBC}") = "Grid", "Grid\Grid.csproj", "{DB2AE4E9-3B17-4E64-9CE9-F292FFA2093C}"
EndProject
Global
	GlobalSection(SolutionConfigurationPlatforms) = preSolution
		Debug|Any CPU = Debug|Any CPU
		Release|Any CPU = Release|Any CPU
	EndGlobalSection
	GlobalSection(ProjectConfigurationPlatforms) = postSolution
		{DB2AE4E9-3B17-4E64-9CE9-F292FFA2093C}.Debug|Any CPU.ActiveCfg = Debug|Any CPU
		{DB2AE4E9-3B17-4E64-9CE9-F292FFA2093C}.Debug|Any CPU.Build.0 = Debug|Any CPU
		{DB2AE4E9-3B17-4E64-9CE9-F292FFA2093C}.Release|Any CPU.ActiveCfg = Release|Any CPU
		{DB2AE4E9-3B17-4E64-9CE9-F292FFA2093C}.Release|Any CPU.Build.0 = Release|Any CPU
	EndGlobalSection
	GlobalSection(SolutionProperties) = preSolution
		HideSolutionNode = FALSE
	EndGlobalSection
	GlobalSection(ExtensibilityGlobals) = postSolution
		SolutionGuid = {091817DC-CDB1-427C-98E9-4C71D5D615FB}
	EndGlobalSection
EndGlobal
