
Microsoft Visual Studio Solution File, Format Version 12.00
# Visual Studio 15
VisualStudioVersion = 15.0.28307.2092
MinimumVisualStudioVersion = 10.0.40219.1
Project("{FAE04EC0-301F-11D3-BF4B-00C04F79EFBC}") = "ConvertSample", "ConvertSample\ConvertSample.csproj", "{5BFA2899-F218-4BC7-B5DF-1A5883B849CC}"
EndProject
Global
	GlobalSection(SolutionConfigurationPlatforms) = preSolution
		Debug|Any CPU = Debug|Any CPU
		Release|Any CPU = Release|Any CPU
	EndGlobalSection
	GlobalSection(ProjectConfigurationPlatforms) = postSolution
		{5BFA2899-F218-4BC7-B5DF-1A5883B849CC}.Debug|Any CPU.ActiveCfg = Debug|Any CPU
		{5BFA2899-F218-4BC7-B5DF-1A5883B849CC}.Debug|Any CPU.Build.0 = Debug|Any CPU
		{5BFA2899-F218-4BC7-B5DF-1A5883B849CC}.Release|Any CPU.ActiveCfg = Release|Any CPU
		{5BFA2899-F218-4BC7-B5DF-1A5883B849CC}.Release|Any CPU.Build.0 = Release|Any CPU
	EndGlobalSection
	GlobalSection(SolutionProperties) = preSolution
		HideSolutionNode = FALSE
	EndGlobalSection
	GlobalSection(ExtensibilityGlobals) = postSolution
		SolutionGuid = {921346EC-FA27-45C1-9A86-A037106BB3BB}
	EndGlobalSection
EndGlobal
