
Microsoft Visual Studio Solution File, Format Version 12.00
# Visual Studio Version 17
VisualStudioVersion = 17.2.32630.192
MinimumVisualStudioVersion = 10.0.40219.1
Project("{FAE04EC0-301F-11D3-BF4B-00C04F79EFBC}") = "SecondProject", "SecondProject\SecondProject.csproj", "{28DEE797-B332-4691-99C9-7AE4948E8F97}"
EndProject
Global
	GlobalSection(SolutionConfigurationPlatforms) = preSolution
		Debug|Any CPU = Debug|Any CPU
		Release|Any CPU = Release|Any CPU
	EndGlobalSection
	GlobalSection(ProjectConfigurationPlatforms) = postSolution
		{28DEE797-B332-4691-99C9-7AE4948E8F97}.Debug|Any CPU.ActiveCfg = Debug|Any CPU
		{28DEE797-B332-4691-99C9-7AE4948E8F97}.Debug|Any CPU.Build.0 = Debug|Any CPU
		{28DEE797-B332-4691-99C9-7AE4948E8F97}.Release|Any CPU.ActiveCfg = Release|Any CPU
		{28DEE797-B332-4691-99C9-7AE4948E8F97}.Release|Any CPU.Build.0 = Release|Any CPU
	EndGlobalSection
	GlobalSection(SolutionProperties) = preSolution
		HideSolutionNode = FALSE
	EndGlobalSection
	GlobalSection(ExtensibilityGlobals) = postSolution
		SolutionGuid = {741509E0-857B-4335-B5FE-DBA8931FB7B7}
	EndGlobalSection
EndGlobal
