
Microsoft Visual Studio Solution File, Format Version 12.00
# Visual Studio Version 17
VisualStudioVersion = 17.2.32630.192
MinimumVisualStudioVersion = 10.0.40219.1
Project("{FAE04EC0-301F-11D3-BF4B-00C04F79EFBC}") = "Pracitce", "Pracitce\Pracitce.csproj", "{44FAC290-7613-4097-B4AF-E1CCA98EF990}"
EndProject
Global
	GlobalSection(SolutionConfigurationPlatforms) = preSolution
		Debug|Any CPU = Debug|Any CPU
		Release|Any CPU = Release|Any CPU
	EndGlobalSection
	GlobalSection(ProjectConfigurationPlatforms) = postSolution
		{44FAC290-7613-4097-B4AF-E1CCA98EF990}.Debug|Any CPU.ActiveCfg = Debug|Any CPU
		{44FAC290-7613-4097-B4AF-E1CCA98EF990}.Debug|Any CPU.Build.0 = Debug|Any CPU
		{44FAC290-7613-4097-B4AF-E1CCA98EF990}.Release|Any CPU.ActiveCfg = Release|Any CPU
		{44FAC290-7613-4097-B4AF-E1CCA98EF990}.Release|Any CPU.Build.0 = Release|Any CPU
	EndGlobalSection
	GlobalSection(SolutionProperties) = preSolution
		HideSolutionNode = FALSE
	EndGlobalSection
	GlobalSection(ExtensibilityGlobals) = postSolution
		SolutionGuid = {C8C18557-57E8-4772-A726-88DAC48AB3CA}
	EndGlobalSection
EndGlobal
