
Microsoft Visual Studio Solution File, Format Version 12.00
# Visual Studio 15
VisualStudioVersion = 15.0.28307.2092
MinimumVisualStudioVersion = 10.0.40219.1
Project("{FAE04EC0-301F-11D3-BF4B-00C04F79EFBC}") = "TabControlSample", "TabControlSample\TabControlSample.csproj", "{455D71B7-6C58-4152-8862-25E6C3168B53}"
EndProject
Global
	GlobalSection(SolutionConfigurationPlatforms) = preSolution
		Debug|Any CPU = Debug|Any CPU
		Release|Any CPU = Release|Any CPU
	EndGlobalSection
	GlobalSection(ProjectConfigurationPlatforms) = postSolution
		{455D71B7-6C58-4152-8862-25E6C3168B53}.Debug|Any CPU.ActiveCfg = Debug|Any CPU
		{455D71B7-6C58-4152-8862-25E6C3168B53}.Debug|Any CPU.Build.0 = Debug|Any CPU
		{455D71B7-6C58-4152-8862-25E6C3168B53}.Release|Any CPU.ActiveCfg = Release|Any CPU
		{455D71B7-6C58-4152-8862-25E6C3168B53}.Release|Any CPU.Build.0 = Release|Any CPU
	EndGlobalSection
	GlobalSection(SolutionProperties) = preSolution
		HideSolutionNode = FALSE
	EndGlobalSection
	GlobalSection(ExtensibilityGlobals) = postSolution
		SolutionGuid = {FB9289A8-2764-41C5-8FD6-DAA8C3B5A081}
	EndGlobalSection
EndGlobal
